
Microsoft Visual Studio Solution File, Format Version 12.00
# Visual Studio Version 16
VisualStudioVersion = 16.0.30330.147
MinimumVisualStudioVersion = 10.0.40219.1
Project("{FAE04EC0-301F-11D3-BF4B-00C04F79EFBC}") = "FileIO+GUI", "FileIO+GUI.csproj", "{CC095338-F4B4-4F42-B53E-DFBD2C460609}"
EndProject
Global
	GlobalSection(SolutionConfigurationPlatforms) = preSolution
		Debug|Any CPU = Debug|Any CPU
		Release|Any CPU = Release|Any CPU
	EndGlobalSection
	GlobalSection(ProjectConfigurationPlatforms) = postSolution
		{CC095338-F4B4-4F42-B53E-DFBD2C460609}.Debug|Any CPU.ActiveCfg = Debug|Any CPU
		{CC095338-F4B4-4F42-B53E-DFBD2C460609}.Debug|Any CPU.Build.0 = Debug|Any CPU
		{CC095338-F4B4-4F42-B53E-DFBD2C460609}.Release|Any CPU.ActiveCfg = Release|Any CPU
		{CC095338-F4B4-4F42-B53E-DFBD2C460609}.Release|Any CPU.Build.0 = Release|Any CPU
	EndGlobalSection
	GlobalSection(SolutionProperties) = preSolution
		HideSolutionNode = FALSE
	EndGlobalSection
	GlobalSection(ExtensibilityGlobals) = postSolution
		SolutionGuid = {B6D6CEE3-06AA-443E-B95E-3EE03474E755}
	EndGlobalSection
EndGlobal
